// !$*UTF8*$!
{
	archiveVersion = 1;
	classes = {
	};
	objectVersion = 46;
	objects = {

/* Begin PBXBuildFile section */
		549607241F191ED100493C87 /* main.m in Sources */ = {isa = PBXBuildFile; fileRef = 549607231F191ED100493C87 /* main.m */; };
		549607271F191ED100493C87 /* AppDelegate.m in Sources */ = {isa = PBXBuildFile; fileRef = 549607261F191ED100493C87 /* AppDelegate.m */; };
		5496072A1F191ED100493C87 /* ViewController.m in Sources */ = {isa = PBXBuildFile; fileRef = 549607291F191ED100493C87 /* ViewController.m */; };
		5496072D1F191ED100493C87 /* Main.storyboard in Resources */ = {isa = PBXBuildFile; fileRef = 5496072B1F191ED100493C87 /* Main.storyboard */; };
		5496072F1F191ED100493C87 /* Assets.xcassets in Resources */ = {isa = PBXBuildFile; fileRef = 5496072E1F191ED100493C87 /* Assets.xcassets */; };
		549607321F191ED100493C87 /* LaunchScreen.storyboard in Resources */ = {isa = PBXBuildFile; fileRef = 549607301F191ED100493C87 /* LaunchScreen.storyboard */; };
		549607481F1A3F1F00493C87 /* Status.m in Sources */ = {isa = PBXBuildFile; fileRef = 549607471F1A3F1F00493C87 /* Status.m */; };
		5496074A1F1A3FFA00493C87 /* status.plist in Resources */ = {isa = PBXBuildFile; fileRef = 549607491F1A3FFA00493C87 /* status.plist */; };
		5496074D1F1A4BF100493C87 /* User.m in Sources */ = {isa = PBXBuildFile; fileRef = 5496074C1F1A4BF100493C87 /* User.m */; };
		549607501F1A4E5200493C87 /* NSObject+Runtime.m in Sources */ = {isa = PBXBuildFile; fileRef = 5496074F1F1A4E5200493C87 /* NSObject+Runtime.m */; };
/* End PBXBuildFile section */

/* Begin PBXFileReference section */
		5496071F1F191ED100493C87 /* runtime.app */ = {isa = PBXFileReference; explicitFileType = wrapper.application; includeInIndex = 0; path = runtime.app; sourceTree = BUILT_PRODUCTS_DIR; };
		549607231F191ED100493C87 /* main.m */ = {isa = PBXFileReference; lastKnownFileType = sourcecode.c.objc; path = main.m; sourceTree = "<group>"; };
		549607251F191ED100493C87 /* AppDelegate.h */ = {isa = PBXFileReference; lastKnownFileType = sourcecode.c.h; path = AppDelegate.h; sourceTree = "<group>"; };
		549607261F191ED100493C87 /* AppDelegate.m */ = {isa = PBXFileReference; lastKnownFileType = sourcecode.c.objc; path = AppDelegate.m; sourceTree = "<group>"; };
		549607281F191ED100493C87 /* ViewController.h */ = {isa = PBXFileReference; lastKnownFileType = sourcecode.c.h; path = ViewController.h; sourceTree = "<group>"; };
		549607291F191ED100493C87 /* ViewController.m */ = {isa = PBXFileReference; lastKnownFileType = sourcecode.c.objc; path = ViewController.m; sourceTree = "<group>"; };
		5496072C1F191ED100493C87 /* Base */ = {isa = PBXFileReference; lastKnownFileType = file.storyboard; name = Base; path = Base.lproj/Main.storyboard; sourceTree = "<group>"; };
		5496072E1F191ED100493C87 /* Assets.xcassets */ = {isa = PBXFileReference; lastKnownFileType = folder.assetcatalog; path = Assets.xcassets; sourceTree = "<group>"; };
		549607311F191ED100493C87 /* Base */ = {isa = PBXFileReference; lastKnownFileType = file.storyboard; name = Base; path = Base.lproj/LaunchScreen.storyboard; sourceTree = "<group>"; };
		549607331F191ED100493C87 /* Info.plist */ = {isa = PBXFileReference; lastKnownFileType = text.plist.xml; path = Info.plist; sourceTree = "<group>"; };
		549607461F1A3F1F00493C87 /* Status.h */ = {isa = PBXFileReference; fileEncoding = 4; lastKnownFileType = sourcecode.c.h; path = Status.h; sourceTree = "<group>"; };
		549607471F1A3F1F00493C87 /* Status.m */ = {isa = PBXFileReference; fileEncoding = 4; lastKnownFileType = sourcecode.c.objc; path = Status.m; sourceTree = "<group>"; };
		549607491F1A3FFA00493C87 /* status.plist */ = {isa = PBXFileReference; fileEncoding = 4; lastKnownFileType = text.plist.xml; path = status.plist; sourceTree = "<group>"; };
		5496074B1F1A4BF100493C87 /* User.h */ = {isa = PBXFileReference; fileEncoding = 4; lastKnownFileType = sourcecode.c.h; path = User.h; sourceTree = "<group>"; };
		5496074C1F1A4BF100493C87 /* User.m */ = {isa = PBXFileReference; fileEncoding = 4; lastKnownFileType = sourcecode.c.objc; path = User.m; sourceTree = "<group>"; };
		5496074E1F1A4E5200493C87 /* NSObject+Runtime.h */ = {isa = PBXFileReference; fileEncoding = 4; lastKnownFileType = sourcecode.c.h; path = "NSObject+Runtime.h"; sourceTree = "<group>"; };
		5496074F1F1A4E5200493C87 /* NSObject+Runtime.m */ = {isa = PBXFileReference; fileEncoding = 4; lastKnownFileType = sourcecode.c.objc; path = "NSObject+Runtime.m"; sourceTree = "<group>"; };
/* End PBXFileReference section */

/* Begin PBXFrameworksBuildPhase section */
		5496071C1F191ED100493C87 /* Frameworks */ = {
			isa = PBXFrameworksBuildPhase;
			buildActionMask = 2147483647;
			files = (
			);
			runOnlyForDeploymentPostprocessing = 0;
		};
/* End PBXFrameworksBuildPhase section */

/* Begin PBXGroup section */
		549607161F191ED100493C87 = {
			isa = PBXGroup;
			children = (
				549607211F191ED100493C87 /* runtime */,
				549607201F191ED100493C87 /* Products */,
			);
			sourceTree = "<group>";
		};
		549607201F191ED100493C87 /* Products */ = {
			isa = PBXGroup;
			children = (
				5496071F1F191ED100493C87 /* runtime.app */,
			);
			name = Products;
			sourceTree = "<group>";
		};
		549607211F191ED100493C87 /* runtime */ = {
			isa = PBXGroup;
			children = (
				549607251F191ED100493C87 /* AppDelegate.h */,
				549607261F191ED100493C87 /* AppDelegate.m */,
				549607281F191ED100493C87 /* ViewController.h */,
				549607291F191ED100493C87 /* ViewController.m */,
				5496074E1F1A4E5200493C87 /* NSObject+Runtime.h */,
				5496074F1F1A4E5200493C87 /* NSObject+Runtime.m */,
				549607461F1A3F1F00493C87 /* Status.h */,
				549607471F1A3F1F00493C87 /* Status.m */,
				5496074B1F1A4BF100493C87 /* User.h */,
				5496074C1F1A4BF100493C87 /* User.m */,
				5496072B1F191ED100493C87 /* Main.storyboard */,
				5496072E1F191ED100493C87 /* Assets.xcassets */,
				549607301F191ED100493C87 /* LaunchScreen.storyboard */,
				549607331F191ED100493C87 /* Info.plist */,
				549607221F191ED100493C87 /* Supporting Files */,
			);
			path = runtime;
			sourceTree = "<group>";
		};
		549607221F191ED100493C87 /* Supporting Files */ = {
			isa = PBXGroup;
			children = (
				549607491F1A3FFA00493C87 /* status.plist */,
				549607231F191ED100493C87 /* main.m */,
			);
			name = "Supporting Files";
			sourceTree = "<group>";
		};
/* End PBXGroup section */

/* Begin PBXNativeTarget section */
		5496071E1F191ED100493C87 /* runtime */ = {
			isa = PBXNativeTarget;
			buildConfigurationList = 549607361F191ED100493C87 /* Build configuration list for PBXNativeTarget "runtime" */;
			buildPhases = (
				5496071B1F191ED100493C87 /* Sources */,
				5496071C1F191ED100493C87 /* Frameworks */,
				5496071D1F191ED100493C87 /* Resources */,
			);
			buildRules = (
			);
			dependencies = (
			);
			name = runtime;
			productName = runtime;
			productReference = 5496071F1F191ED100493C87 /* runtime.app */;
			productType = "com.apple.product-type.application";
		};
/* End PBXNativeTarget section */

/* Begin PBXProject section */
		549607171F191ED100493C87 /* Project object */ = {
			isa = PBXProject;
			attributes = {
				LastUpgradeCheck = 0830;
				ORGANIZATIONNAME = "王东开";
				TargetAttributes = {
					5496071E1F191ED100493C87 = {
						CreatedOnToolsVersion = 8.3.3;
						DevelopmentTeam = 923KR76TZ3;
						ProvisioningStyle = Automatic;
					};
				};
			};
			buildConfigurationList = 5496071A1F191ED100493C87 /* Build configuration list for PBXProject "runtime" */;
			compatibilityVersion = "Xcode 3.2";
			developmentRegion = English;
			hasScannedForEncodings = 0;
			knownRegions = (
				en,
				Base,
			);
			mainGroup = 549607161F191ED100493C87;
			productRefGroup = 549607201F191ED100493C87 /* Products */;
			projectDirPath = "";
			projectRoot = "";
			targets = (
				5496071E1F191ED100493C87 /* runtime */,
			);
		};
/* End PBXProject section */

/* Begin PBXResourcesBuildPhase section */
		5496071D1F191ED100493C87 /* Resources */ = {
			isa = PBXResourcesBuildPhase;
			buildActionMask = 2147483647;
			files = (
				549607321F191ED100493C87 /* LaunchScreen.storyboard in Resources */,
				5496072F1F191ED100493C87 /* Assets.xcassets in Resources */,
				5496074A1F1A3FFA00493C87 /* status.plist in Resources */,
				5496072D1F191ED100493C87 /* Main.storyboard in Resources */,
			);
			runOnlyForDeploymentPostprocessing = 0;
		};
/* End PBXResourcesBuildPhase section */

/* Begin PBXSourcesBuildPhase section */
		5496071B1F191ED100493C87 /* Sources */ = {
			isa = PBXSourcesBuildPhase;
			buildActionMask = 2147483647;
			files = (
				5496074D1F1A4BF100493C87 /* User.m in Sources */,
				549607501F1A4E5200493C87 /* NSObject+Runtime.m in Sources */,
				5496072A1F191ED100493C87 /* ViewController.m in Sources */,
				549607271F191ED100493C87 /* AppDelegate.m in Sources */,
				549607481F1A3F1F00493C87 /* Status.m in Sources */,
				549607241F191ED100493C87 /* main.m in Sources */,
			);
			runOnlyForDeploymentPostprocessing = 0;
		};
/* End PBXSourcesBuildPhase section */

/* Begin PBXVariantGroup section */
		5496072B1F191ED100493C87 /* Main.storyboard */ = {
			isa = PBXVariantGroup;
			children = (
				5496072C1F191ED100493C87 /* Base */,
			);
			name = Main.storyboard;
			sourceTree = "<group>";
		};
		549607301F191ED100493C87 /* LaunchScreen.storyboard */ = {
			isa = PBXVariantGroup;
			children = (
				549607311F191ED100493C87 /* Base */,
			);
			name = LaunchScreen.storyboard;
			sourceTree = "<group>";
		};
/* End PBXVariantGroup section */

/* Begin XCBuildConfiguration section */
		549607341F191ED100493C87 /* Debug */ = {
			isa = XCBuildConfiguration;
			buildSettings = {
				ALWAYS_SEARCH_USER_PATHS = NO;
				CLANG_ANALYZER_NONNULL = YES;
				CLANG_ANALYZER_NUMBER_OBJECT_CONVERSION = YES_AGGRESSIVE;
				CLANG_CXX_LANGUAGE_STANDARD = "gnu++0x";
				CLANG_CXX_LIBRARY = "libc++";
				CLANG_ENABLE_MODULES = YES;
				CLANG_ENABLE_OBJC_ARC = YES;
				CLANG_WARN_BOOL_CONVERSION = YES;
				CLANG_WARN_CONSTANT_CONVERSION = YES;
				CLANG_WARN_DIRECT_OBJC_ISA_USAGE = YES_ERROR;
				CLANG_WARN_DOCUMENTATION_COMMENTS = YES;
				CLANG_WARN_EMPTY_BODY = YES;
				CLANG_WARN_ENUM_CONVERSION = YES;
				CLANG_WARN_INFINITE_RECURSION = YES;
				CLANG_WARN_INT_CONVERSION = YES;
				CLANG_WARN_OBJC_ROOT_CLASS = YES_ERROR;
				CLANG_WARN_SUSPICIOUS_MOVE = YES;
				CLANG_WARN_UNREACHABLE_CODE = YES;
				CLANG_WARN__DUPLICATE_METHOD_MATCH = YES;
				"CODE_SIGN_IDENTITY[sdk=iphoneos*]" = "iPhone Developer";
				COPY_PHASE_STRIP = NO;
				DEBUG_INFORMATION_FORMAT = dwarf;
				ENABLE_STRICT_OBJC_MSGSEND = YES;
				ENABLE_TESTABILITY = YES;
				GCC_C_LANGUAGE_STANDARD = gnu99;
				GCC_DYNAMIC_NO_PIC = NO;
				GCC_NO_COMMON_BLOCKS = YES;
				GCC_OPTIMIZATION_LEVEL = 0;
				GCC_PREPROCESSOR_DEFINITIONS = (
					"DEBUG=1",
					"$(inherited)",
				);
				GCC_WARN_64_TO_32_BIT_CONVERSION = YES;
				GCC_WARN_ABOUT_RETURN_TYPE = YES_ERROR;
				GCC_WARN_UNDECLARED_SELECTOR = YES;
				GCC_WARN_UNINITIALIZED_AUTOS = YES_AGGRESSIVE;
				GCC_WARN_UNUSED_FUNCTION = YES;
				GCC_WARN_UNUSED_VARIABLE = YES;
				IPHONEOS_DEPLOYMENT_TARGET = 10.3;
				MTL_ENABLE_DEBUG_INFO = YES;
				ONLY_ACTIVE_ARCH = YES;
				SDKROOT = iphoneos;
			};
			name = Debug;
		};
		549607351F191ED100493C87 /* Release */ = {
			isa = XCBuildConfiguration;
			buildSettings = {
				ALWAYS_SEARCH_USER_PATHS = NO;
				CLANG_ANALYZER_NONNULL = YES;
				CLANG_ANALYZER_NUMBER_OBJECT_CONVERSION = YES_AGGRESSIVE;
				CLANG_CXX_LANGUAGE_STANDARD = "gnu++0x";
				CLANG_CXX_LIBRARY = "libc++";
				CLANG_ENABLE_MODULES = YES;
				CLANG_ENABLE_OBJC_ARC = YES;
				CLANG_WARN_BOOL_CONVERSION = YES;
				CLANG_WARN_CONSTANT_CONVERSION = YES;
				CLANG_WARN_DIRECT_OBJC_ISA_USAGE = YES_ERROR;
				CLANG_WARN_DOCUMENTATION_COMMENTS = YES;
				CLANG_WARN_EMPTY_BODY = YES;
				CLANG_WARN_ENUM_CONVERSION = YES;
				CLANG_WARN_INFINITE_RECURSION = YES;
				CLANG_WARN_INT_CONVERSION = YES;
				CLANG_WARN_OBJC_ROOT_CLASS = YES_ERROR;
				CLANG_WARN_SUSPICIOUS_MOVE = YES;
				CLANG_WARN_UNREACHABLE_CODE = YES;
				CLANG_WARN__DUPLICATE_METHOD_MATCH = YES;
				"CODE_SIGN_IDENTITY[sdk=iphoneos*]" = "iPhone Developer";
				COPY_PHASE_STRIP = NO;
				DEBUG_INFORMATION_FORMAT = "dwarf-with-dsym";
				ENABLE_NS_ASSERTIONS = NO;
				ENABLE_STRICT_OBJC_MSGSEND = YES;
				GCC_C_LANGUAGE_STANDARD = gnu99;
				GCC_NO_COMMON_BLOCKS = YES;
				GCC_WARN_64_TO_32_BIT_CONVERSION = YES;
				GCC_WARN_ABOUT_RETURN_TYPE = YES_ERROR;
				GCC_WARN_UNDECLARED_SELECTOR = YES;
				GCC_WARN_UNINITIALIZED_AUTOS = YES_AGGRESSIVE;
				GCC_WARN_UNUSED_FUNCTION = YES;
				GCC_WARN_UNUSED_VARIABLE = YES;
				IPHONEOS_DEPLOYMENT_TARGET = 10.3;
				MTL_ENABLE_DEBUG_INFO = NO;
				SDKROOT = iphoneos;
				VALIDATE_PRODUCT = YES;
			};
			name = Release;
		};
		549607371F191ED100493C87 /* Debug */ = {
			isa = XCBuildConfiguration;
			buildSettings = {
				ASSETCATALOG_COMPILER_APPICON_NAME = AppIcon;
				DEVELOPMENT_TEAM = 923KR76TZ3;
				INFOPLIST_FILE = runtime/Info.plist;
				LD_RUNPATH_SEARCH_PATHS = "$(inherited) @executable_path/Frameworks";
				PRODUCT_BUNDLE_IDENTIFIER = com.wdk.runtime;
				PRODUCT_NAME = "$(TARGET_NAME)";
			};
			name = Debug;
		};
		549607381F191ED100493C87 /* Release */ = {
			isa = XCBuildConfiguration;
			buildSettings = {
				ASSETCATALOG_COMPILER_APPICON_NAME = AppIcon;
				DEVELOPMENT_TEAM = 923KR76TZ3;
				INFOPLIST_FILE = runtime/Info.plist;
				LD_RUNPATH_SEARCH_PATHS = "$(inherited) @executable_path/Frameworks";
				PRODUCT_BUNDLE_IDENTIFIER = com.wdk.runtime;
				PRODUCT_NAME = "$(TARGET_NAME)";
			};
			name = Release;
		};
/* End XCBuildConfiguration section */

/* Begin XCConfigurationList section */
		5496071A1F191ED100493C87 /* Build configuration list for PBXProject "runtime" */ = {
			isa = XCConfigurationList;
			buildConfigurations = (
				549607341F191ED100493C87 /* Debug */,
				549607351F191ED100493C87 /* Release */,
			);
			defaultConfigurationIsVisible = 0;
			defaultConfigurationName = Release;
		};
		549607361F191ED100493C87 /* Build configuration list for PBXNativeTarget "runtime" */ = {
			isa = XCConfigurationList;
			buildConfigurations = (
				549607371F191ED100493C87 /* Debug */,
				549607381F191ED100493C87 /* Release */,
			);
			defaultConfigurationIsVisible = 0;
		};
/* End XCConfigurationList section */
	};
	rootObject = 549607171F191ED100493C87 /* Project object */;
}
